// !$*UTF8*$!
{
	archiveVersion = 1;
	classes = {
	};
	objectVersion = 46;
	objects = {

/* Begin PBXBuildFile section */
		0348D06513D2E6E60060CAAA /* FaveButton.m in Sources */ = {isa = PBXBuildFile; fileRef = 0348D06413D2E6E60060CAAA /* FaveButton.m */; };
		0348D06B13D2E8C80060CAAA /* FaveStarOffShape.png in Resources */ = {isa = PBXBuildFile; fileRef = 0348D06713D2E8C80060CAAA /* FaveStarOffShape.png */; };
		0348D06C13D2E8C80060CAAA /* FaveStarOffShape@2x.png in Resources */ = {isa = PBXBuildFile; fileRef = 0348D06813D2E8C80060CAAA /* FaveStarOffShape@2x.png */; };
		0348D06D13D2E8C80060CAAA /* FaveStarOn.png in Resources */ = {isa = PBXBuildFile; fileRef = 0348D06913D2E8C80060CAAA /* FaveStarOn.png */; };
		0348D06E13D2E8C80060CAAA /* FaveStarOn@2x.png in Resources */ = {isa = PBXBuildFile; fileRef = 0348D06A13D2E8C80060CAAA /* FaveStarOn@2x.png */; };
		0352D8C31519CEF30005138D /* random.cpp in Sources */ = {isa = PBXBuildFile; fileRef = 0352D8981519CEF30005138D /* random.cpp */; };
		0352D8EE1519CF130005138D /* CLog.m in Sources */ = {isa = PBXBuildFile; fileRef = 0352D8D91519CF130005138D /* CLog.m */; };
		0352D8EF1519CF130005138D /* CObserver.m in Sources */ = {isa = PBXBuildFile; fileRef = 0352D8DB1519CF130005138D /* CObserver.m */; };
		0352D8F01519CF130005138D /* ErrorUtils.m in Sources */ = {isa = PBXBuildFile; fileRef = 0352D8DD1519CF130005138D /* ErrorUtils.m */; };
		0352D8F11519CF130005138D /* Geom.m in Sources */ = {isa = PBXBuildFile; fileRef = 0352D8DF1519CF130005138D /* Geom.m */; };
		0352D8F21519CF130005138D /* I18nUtils.m in Sources */ = {isa = PBXBuildFile; fileRef = 0352D8E11519CF130005138D /* I18nUtils.m */; };
		0352D8F31519CF130005138D /* InvocationUtils.m in Sources */ = {isa = PBXBuildFile; fileRef = 0352D8E31519CF130005138D /* InvocationUtils.m */; };
		0352D8F41519CF130005138D /* JSONUtils.m in Sources */ = {isa = PBXBuildFile; fileRef = 0352D8E51519CF130005138D /* JSONUtils.m */; };
		0352D8F51519CF130005138D /* ObjectUtils.m in Sources */ = {isa = PBXBuildFile; fileRef = 0352D8E71519CF130005138D /* ObjectUtils.m */; };
		0352D8F61519CF130005138D /* PropertyUtils.m in Sources */ = {isa = PBXBuildFile; fileRef = 0352D8E91519CF130005138D /* PropertyUtils.m */; };
		0352D8F71519CF130005138D /* StringUtils.m in Sources */ = {isa = PBXBuildFile; fileRef = 0352D8EB1519CF130005138D /* StringUtils.m */; };
		0352D8F81519CF130005138D /* ThreadUtils.m in Sources */ = {isa = PBXBuildFile; fileRef = 0352D8ED1519CF130005138D /* ThreadUtils.m */; };
		0352D9171519CF260005138D /* CAlertManager.m in Sources */ = {isa = PBXBuildFile; fileRef = 0352D8FB1519CF260005138D /* CAlertManager.m */; };
		0352D9181519CF260005138D /* CGUtils.m in Sources */ = {isa = PBXBuildFile; fileRef = 0352D8FD1519CF260005138D /* CGUtils.m */; };
		0352D9191519CF260005138D /* CImageView.m in Sources */ = {isa = PBXBuildFile; fileRef = 0352D8FF1519CF260005138D /* CImageView.m */; };
		0352D91A1519CF260005138D /* CNavigationBar.m in Sources */ = {isa = PBXBuildFile; fileRef = 0352D9011519CF260005138D /* CNavigationBar.m */; };
		0352D91B1519CF260005138D /* CNavigationController.m in Sources */ = {isa = PBXBuildFile; fileRef = 0352D9031519CF260005138D /* CNavigationController.m */; };
		0352D91C1519CF260005138D /* CNavigationController.xib in Resources */ = {isa = PBXBuildFile; fileRef = 0352D9041519CF260005138D /* CNavigationController.xib */; };
		0352D91D1519CF260005138D /* CTapToDismissKeyboardManager.m in Sources */ = {isa = PBXBuildFile; fileRef = 0352D9061519CF260005138D /* CTapToDismissKeyboardManager.m */; };
		0352D91E1519CF260005138D /* CView.m in Sources */ = {isa = PBXBuildFile; fileRef = 0352D9081519CF260005138D /* CView.m */; };
		0352D91F1519CF260005138D /* CViewController.m in Sources */ = {isa = PBXBuildFile; fileRef = 0352D90A1519CF260005138D /* CViewController.m */; };
		0352D9201519CF260005138D /* CWindow.m in Sources */ = {isa = PBXBuildFile; fileRef = 0352D90C1519CF260005138D /* CWindow.m */; };
		0352D9211519CF260005138D /* DeviceUtils.m in Sources */ = {isa = PBXBuildFile; fileRef = 0352D90E1519CF260005138D /* DeviceUtils.m */; };
		0352D9221519CF260005138D /* NibUtils.m in Sources */ = {isa = PBXBuildFile; fileRef = 0352D9101519CF260005138D /* NibUtils.m */; };
		0352D9231519CF260005138D /* UIColorUtils.m in Sources */ = {isa = PBXBuildFile; fileRef = 0352D9121519CF260005138D /* UIColorUtils.m */; };
		0352D9241519CF260005138D /* UIImageUtils.m in Sources */ = {isa = PBXBuildFile; fileRef = 0352D9141519CF260005138D /* UIImageUtils.m */; };
		0352D9251519CF260005138D /* UIViewUtils.m in Sources */ = {isa = PBXBuildFile; fileRef = 0352D9161519CF260005138D /* UIViewUtils.m */; };
		0352D92D1519D1810005138D /* CActivityShieldView.m in Sources */ = {isa = PBXBuildFile; fileRef = 0352D92C1519D1810005138D /* CActivityShieldView.m */; };
		03E7F9E413D244D5000DF720 /* UIKit.framework in Frameworks */ = {isa = PBXBuildFile; fileRef = 03E7F9E313D244D5000DF720 /* UIKit.framework */; };
		03E7F9E613D244D5000DF720 /* Foundation.framework in Frameworks */ = {isa = PBXBuildFile; fileRef = 03E7F9E513D244D5000DF720 /* Foundation.framework */; };
		03E7F9E813D244D5000DF720 /* CoreGraphics.framework in Frameworks */ = {isa = PBXBuildFile; fileRef = 03E7F9E713D244D5000DF720 /* CoreGraphics.framework */; };
		03E7F9EE13D244D5000DF720 /* InfoPlist.strings in Resources */ = {isa = PBXBuildFile; fileRef = 03E7F9EC13D244D5000DF720 /* InfoPlist.strings */; };
		03E7F9F013D244D5000DF720 /* main.m in Sources */ = {isa = PBXBuildFile; fileRef = 03E7F9EF13D244D5000DF720 /* main.m */; };
		03E7F9F413D244D5000DF720 /* NativeWidgetAppDelegate.m in Sources */ = {isa = PBXBuildFile; fileRef = 03E7F9F313D244D5000DF720 /* NativeWidgetAppDelegate.m */; };
		03E7F9F713D244D5000DF720 /* NativeWidgetViewController.m in Sources */ = {isa = PBXBuildFile; fileRef = 03E7F9F613D244D5000DF720 /* NativeWidgetViewController.m */; };
		03E7F9FA13D244D5000DF720 /* NativeWidgetViewController.xib in Resources */ = {isa = PBXBuildFile; fileRef = 03E7F9F813D244D5000DF720 /* NativeWidgetViewController.xib */; };
/* End PBXBuildFile section */

/* Begin PBXFileReference section */
		0348D06313D2E6E60060CAAA /* FaveButton.h */ = {isa = PBXFileReference; fileEncoding = 4; lastKnownFileType = sourcecode.c.h; path = FaveButton.h; sourceTree = "<group>"; };
		0348D06413D2E6E60060CAAA /* FaveButton.m */ = {isa = PBXFileReference; fileEncoding = 4; lastKnownFileType = sourcecode.c.objc; path = FaveButton.m; sourceTree = "<group>"; };
		0348D06713D2E8C80060CAAA /* FaveStarOffShape.png */ = {isa = PBXFileReference; lastKnownFileType = image.png; path = FaveStarOffShape.png; sourceTree = "<group>"; };
		0348D06813D2E8C80060CAAA /* FaveStarOffShape@2x.png */ = {isa = PBXFileReference; lastKnownFileType = image.png; path = "FaveStarOffShape@2x.png"; sourceTree = "<group>"; };
		0348D06913D2E8C80060CAAA /* FaveStarOn.png */ = {isa = PBXFileReference; lastKnownFileType = image.png; path = FaveStarOn.png; sourceTree = "<group>"; };
		0348D06A13D2E8C80060CAAA /* FaveStarOn@2x.png */ = {isa = PBXFileReference; lastKnownFileType = image.png; path = "FaveStarOn@2x.png"; sourceTree = "<group>"; };
		0352D8971519CEF30005138D /* math_utils.hpp */ = {isa = PBXFileReference; fileEncoding = 4; lastKnownFileType = sourcecode.cpp.h; path = math_utils.hpp; sourceTree = "<group>"; };
		0352D8981519CEF30005138D /* random.cpp */ = {isa = PBXFileReference; fileEncoding = 4; lastKnownFileType = sourcecode.cpp.cpp; path = random.cpp; sourceTree = "<group>"; };
		0352D8991519CEF30005138D /* random.hpp */ = {isa = PBXFileReference; fileEncoding = 4; lastKnownFileType = sourcecode.cpp.h; path = random.hpp; sourceTree = "<group>"; };
		0352D8D81519CF130005138D /* CLog.h */ = {isa = PBXFileReference; fileEncoding = 4; lastKnownFileType = sourcecode.c.h; path = CLog.h; sourceTree = "<group>"; };
		0352D8D91519CF130005138D /* CLog.m */ = {isa = PBXFileReference; fileEncoding = 4; lastKnownFileType = sourcecode.c.objc; path = CLog.m; sourceTree = "<group>"; };
		0352D8DA1519CF130005138D /* CObserver.h */ = {isa = PBXFileReference; fileEncoding = 4; lastKnownFileType = sourcecode.c.h; path = CObserver.h; sourceTree = "<group>"; };
		0352D8DB1519CF130005138D /* CObserver.m */ = {isa = PBXFileReference; fileEncoding = 4; lastKnownFileType = sourcecode.c.objc; path = CObserver.m; sourceTree = "<group>"; };
		0352D8DC1519CF130005138D /* ErrorUtils.h */ = {isa = PBXFileReference; fileEncoding = 4; lastKnownFileType = sourcecode.c.h; path = ErrorUtils.h; sourceTree = "<group>"; };
		0352D8DD1519CF130005138D /* ErrorUtils.m */ = {isa = PBXFileReference; fileEncoding = 4; lastKnownFileType = sourcecode.c.objc; path = ErrorUtils.m; sourceTree = "<group>"; };
		0352D8DE1519CF130005138D /* Geom.h */ = {isa = PBXFileReference; fileEncoding = 4; lastKnownFileType = sourcecode.c.h; path = Geom.h; sourceTree = "<group>"; };
		0352D8DF1519CF130005138D /* Geom.m */ = {isa = PBXFileReference; fileEncoding = 4; lastKnownFileType = sourcecode.c.objc; path = Geom.m; sourceTree = "<group>"; };
		0352D8E01519CF130005138D /* I18nUtils.h */ = {isa = PBXFileReference; fileEncoding = 4; lastKnownFileType = sourcecode.c.h; path = I18nUtils.h; sourceTree = "<group>"; };
		0352D8E11519CF130005138D /* I18nUtils.m */ = {isa = PBXFileReference; fileEncoding = 4; lastKnownFileType = sourcecode.c.objc; path = I18nUtils.m; sourceTree = "<group>"; };
		0352D8E21519CF130005138D /* InvocationUtils.h */ = {isa = PBXFileReference; fileEncoding = 4; lastKnownFileType = sourcecode.c.h; path = InvocationUtils.h; sourceTree = "<group>"; };
		0352D8E31519CF130005138D /* InvocationUtils.m */ = {isa = PBXFileReference; fileEncoding = 4; lastKnownFileType = sourcecode.c.objc; path = InvocationUtils.m; sourceTree = "<group>"; };
		0352D8E41519CF130005138D /* JSONUtils.h */ = {isa = PBXFileReference; fileEncoding = 4; lastKnownFileType = sourcecode.c.h; path = JSONUtils.h; sourceTree = "<group>"; };
		0352D8E51519CF130005138D /* JSONUtils.m */ = {isa = PBXFileReference; fileEncoding = 4; lastKnownFileType = sourcecode.c.objc; path = JSONUtils.m; sourceTree = "<group>"; };
		0352D8E61519CF130005138D /* ObjectUtils.h */ = {isa = PBXFileReference; fileEncoding = 4; lastKnownFileType = sourcecode.c.h; path = ObjectUtils.h; sourceTree = "<group>"; };
		0352D8E71519CF130005138D /* ObjectUtils.m */ = {isa = PBXFileReference; fileEncoding = 4; lastKnownFileType = sourcecode.c.objc; path = ObjectUtils.m; sourceTree = "<group>"; };
		0352D8E81519CF130005138D /* PropertyUtils.h */ = {isa = PBXFileReference; fileEncoding = 4; lastKnownFileType = sourcecode.c.h; path = PropertyUtils.h; sourceTree = "<group>"; };
		0352D8E91519CF130005138D /* PropertyUtils.m */ = {isa = PBXFileReference; fileEncoding = 4; lastKnownFileType = sourcecode.c.objc; path = PropertyUtils.m; sourceTree = "<group>"; };
		0352D8EA1519CF130005138D /* StringUtils.h */ = {isa = PBXFileReference; fileEncoding = 4; lastKnownFileType = sourcecode.c.h; path = StringUtils.h; sourceTree = "<group>"; };
		0352D8EB1519CF130005138D /* StringUtils.m */ = {isa = PBXFileReference; fileEncoding = 4; lastKnownFileType = sourcecode.c.objc; path = StringUtils.m; sourceTree = "<group>"; };
		0352D8EC1519CF130005138D /* ThreadUtils.h */ = {isa = PBXFileReference; fileEncoding = 4; lastKnownFileType = sourcecode.c.h; path = ThreadUtils.h; sourceTree = "<group>"; };
		0352D8ED1519CF130005138D /* ThreadUtils.m */ = {isa = PBXFileReference; fileEncoding = 4; lastKnownFileType = sourcecode.c.objc; path = ThreadUtils.m; sourceTree = "<group>"; };
		0352D8FA1519CF260005138D /* CAlertManager.h */ = {isa = PBXFileReference; fileEncoding = 4; lastKnownFileType = sourcecode.c.h; path = CAlertManager.h; sourceTree = "<group>"; };
		0352D8FB1519CF260005138D /* CAlertManager.m */ = {isa = PBXFileReference; fileEncoding = 4; lastKnownFileType = sourcecode.c.objc; path = CAlertManager.m; sourceTree = "<group>"; };
		0352D8FC1519CF260005138D /* CGUtils.h */ = {isa = PBXFileReference; fileEncoding = 4; lastKnownFileType = sourcecode.c.h; path = CGUtils.h; sourceTree = "<group>"; };
		0352D8FD1519CF260005138D /* CGUtils.m */ = {isa = PBXFileReference; fileEncoding = 4; lastKnownFileType = sourcecode.c.objc; path = CGUtils.m; sourceTree = "<group>"; };
		0352D8FE1519CF260005138D /* CImageView.h */ = {isa = PBXFileReference; fileEncoding = 4; lastKnownFileType = sourcecode.c.h; path = CImageView.h; sourceTree = "<group>"; };
		0352D8FF1519CF260005138D /* CImageView.m */ = {isa = PBXFileReference; fileEncoding = 4; lastKnownFileType = sourcecode.c.objc; path = CImageView.m; sourceTree = "<group>"; };
		0352D9001519CF260005138D /* CNavigationBar.h */ = {isa = PBXFileReference; fileEncoding = 4; lastKnownFileType = sourcecode.c.h; path = CNavigationBar.h; sourceTree = "<group>"; };
		0352D9011519CF260005138D /* CNavigationBar.m */ = {isa = PBXFileReference; fileEncoding = 4; lastKnownFileType = sourcecode.c.objc; path = CNavigationBar.m; sourceTree = "<group>"; };
		0352D9021519CF260005138D /* CNavigationController.h */ = {isa = PBXFileReference; fileEncoding = 4; lastKnownFileType = sourcecode.c.h; path = CNavigationController.h; sourceTree = "<group>"; };
		0352D9031519CF260005138D /* CNavigationController.m */ = {isa = PBXFileReference; fileEncoding = 4; lastKnownFileType = sourcecode.c.objc; path = CNavigationController.m; sourceTree = "<group>"; };
		0352D9041519CF260005138D /* CNavigationController.xib */ = {isa = PBXFileReference; fileEncoding = 4; lastKnownFileType = file.xib; path = CNavigationController.xib; sourceTree = "<group>"; };
		0352D9051519CF260005138D /* CTapToDismissKeyboardManager.h */ = {isa = PBXFileReference; fileEncoding = 4; lastKnownFileType = sourcecode.c.h; path = CTapToDismissKeyboardManager.h; sourceTree = "<group>"; };
		0352D9061519CF260005138D /* CTapToDismissKeyboardManager.m */ = {isa = PBXFileReference; fileEncoding = 4; lastKnownFileType = sourcecode.c.objc; path = CTapToDismissKeyboardManager.m; sourceTree = "<group>"; };
		0352D9071519CF260005138D /* CView.h */ = {isa = PBXFileReference; fileEncoding = 4; lastKnownFileType = sourcecode.c.h; path = CView.h; sourceTree = "<group>"; };
		0352D9081519CF260005138D /* CView.m */ = {isa = PBXFileReference; fileEncoding = 4; lastKnownFileType = sourcecode.c.objc; path = CView.m; sourceTree = "<group>"; };
		0352D9091519CF260005138D /* CViewController.h */ = {isa = PBXFileReference; fileEncoding = 4; lastKnownFileType = sourcecode.c.h; path = CViewController.h; sourceTree = "<group>"; };
		0352D90A1519CF260005138D /* CViewController.m */ = {isa = PBXFileReference; fileEncoding = 4; lastKnownFileType = sourcecode.c.objc; path = CViewController.m; sourceTree = "<group>"; };
		0352D90B1519CF260005138D /* CWindow.h */ = {isa = PBXFileReference; fileEncoding = 4; lastKnownFileType = sourcecode.c.h; path = CWindow.h; sourceTree = "<group>"; };
		0352D90C1519CF260005138D /* CWindow.m */ = {isa = PBXFileReference; fileEncoding = 4; lastKnownFileType = sourcecode.c.objc; path = CWindow.m; sourceTree = "<group>"; };
		0352D90D1519CF260005138D /* DeviceUtils.h */ = {isa = PBXFileReference; fileEncoding = 4; lastKnownFileType = sourcecode.c.h; path = DeviceUtils.h; sourceTree = "<group>"; };
		0352D90E1519CF260005138D /* DeviceUtils.m */ = {isa = PBXFileReference; fileEncoding = 4; lastKnownFileType = sourcecode.c.objc; path = DeviceUtils.m; sourceTree = "<group>"; };
		0352D90F1519CF260005138D /* NibUtils.h */ = {isa = PBXFileReference; fileEncoding = 4; lastKnownFileType = sourcecode.c.h; path = NibUtils.h; sourceTree = "<group>"; };
		0352D9101519CF260005138D /* NibUtils.m */ = {isa = PBXFileReference; fileEncoding = 4; lastKnownFileType = sourcecode.c.objc; path = NibUtils.m; sourceTree = "<group>"; };
		0352D9111519CF260005138D /* UIColorUtils.h */ = {isa = PBXFileReference; fileEncoding = 4; lastKnownFileType = sourcecode.c.h; path = UIColorUtils.h; sourceTree = "<group>"; };
		0352D9121519CF260005138D /* UIColorUtils.m */ = {isa = PBXFileReference; fileEncoding = 4; lastKnownFileType = sourcecode.c.objc; path = UIColorUtils.m; sourceTree = "<group>"; };
		0352D9131519CF260005138D /* UIImageUtils.h */ = {isa = PBXFileReference; fileEncoding = 4; lastKnownFileType = sourcecode.c.h; path = UIImageUtils.h; sourceTree = "<group>"; };
		0352D9141519CF260005138D /* UIImageUtils.m */ = {isa = PBXFileReference; fileEncoding = 4; lastKnownFileType = sourcecode.c.objc; path = UIImageUtils.m; sourceTree = "<group>"; };
		0352D9151519CF260005138D /* UIViewUtils.h */ = {isa = PBXFileReference; fileEncoding = 4; lastKnownFileType = sourcecode.c.h; path = UIViewUtils.h; sourceTree = "<group>"; };
		0352D9161519CF260005138D /* UIViewUtils.m */ = {isa = PBXFileReference; fileEncoding = 4; lastKnownFileType = sourcecode.c.objc; path = UIViewUtils.m; sourceTree = "<group>"; };
		0352D92B1519D1810005138D /* CActivityShieldView.h */ = {isa = PBXFileReference; fileEncoding = 4; lastKnownFileType = sourcecode.c.h; name = CActivityShieldView.h; path = ../../iOS/Essentials/CActivityShieldView.h; sourceTree = "<group>"; };
		0352D92C1519D1810005138D /* CActivityShieldView.m */ = {isa = PBXFileReference; fileEncoding = 4; lastKnownFileType = sourcecode.c.objc; name = CActivityShieldView.m; path = ../../iOS/Essentials/CActivityShieldView.m; sourceTree = "<group>"; };
		03E7F9DF13D244D5000DF720 /* NativeWidget.app */ = {isa = PBXFileReference; explicitFileType = wrapper.application; includeInIndex = 0; path = NativeWidget.app; sourceTree = BUILT_PRODUCTS_DIR; };
		03E7F9E313D244D5000DF720 /* UIKit.framework */ = {isa = PBXFileReference; lastKnownFileType = wrapper.framework; name = UIKit.framework; path = System/Library/Frameworks/UIKit.framework; sourceTree = SDKROOT; };
		03E7F9E513D244D5000DF720 /* Foundation.framework */ = {isa = PBXFileReference; lastKnownFileType = wrapper.framework; name = Foundation.framework; path = System/Library/Frameworks/Foundation.framework; sourceTree = SDKROOT; };
		03E7F9E713D244D5000DF720 /* CoreGraphics.framework */ = {isa = PBXFileReference; lastKnownFileType = wrapper.framework; name = CoreGraphics.framework; path = System/Library/Frameworks/CoreGraphics.framework; sourceTree = SDKROOT; };
		03E7F9EB13D244D5000DF720 /* NativeWidget-Info.plist */ = {isa = PBXFileReference; lastKnownFileType = text.plist.xml; path = "NativeWidget-Info.plist"; sourceTree = "<group>"; };
		03E7F9ED13D244D5000DF720 /* en */ = {isa = PBXFileReference; lastKnownFileType = text.plist.strings; name = en; path = en.lproj/InfoPlist.strings; sourceTree = "<group>"; };
		03E7F9EF13D244D5000DF720 /* main.m */ = {isa = PBXFileReference; lastKnownFileType = sourcecode.c.objc; path = main.m; sourceTree = "<group>"; };
		03E7F9F113D244D5000DF720 /* NativeWidget-Prefix.pch */ = {isa = PBXFileReference; lastKnownFileType = sourcecode.c.h; path = "NativeWidget-Prefix.pch"; sourceTree = "<group>"; };
		03E7F9F213D244D5000DF720 /* NativeWidgetAppDelegate.h */ = {isa = PBXFileReference; lastKnownFileType = sourcecode.c.h; path = NativeWidgetAppDelegate.h; sourceTree = "<group>"; };
		03E7F9F313D244D5000DF720 /* NativeWidgetAppDelegate.m */ = {isa = PBXFileReference; lastKnownFileType = sourcecode.c.objc; path = NativeWidgetAppDelegate.m; sourceTree = "<group>"; };
		03E7F9F513D244D5000DF720 /* NativeWidgetViewController.h */ = {isa = PBXFileReference; lastKnownFileType = sourcecode.c.h; path = NativeWidgetViewController.h; sourceTree = "<group>"; };
		03E7F9F613D244D5000DF720 /* NativeWidgetViewController.m */ = {isa = PBXFileReference; lastKnownFileType = sourcecode.c.objc; path = NativeWidgetViewController.m; sourceTree = "<group>"; };
		03E7F9F913D244D5000DF720 /* en */ = {isa = PBXFileReference; lastKnownFileType = file.xib; name = en; path = en.lproj/NativeWidgetViewController.xib; sourceTree = "<group>"; };
/* End PBXFileReference section */

/* Begin PBXFrameworksBuildPhase section */
		03E7F9DC13D244D5000DF720 /* Frameworks */ = {
			isa = PBXFrameworksBuildPhase;
			buildActionMask = 2147483647;
			files = (
				03E7F9E413D244D5000DF720 /* UIKit.framework in Frameworks */,
				03E7F9E613D244D5000DF720 /* Foundation.framework in Frameworks */,
				03E7F9E813D244D5000DF720 /* CoreGraphics.framework in Frameworks */,
			);
			runOnlyForDeploymentPostprocessing = 0;
		};
/* End PBXFrameworksBuildPhase section */

/* Begin PBXGroup section */
		0348D04813D2DB0D0060CAAA /* LibArciem */ = {
			isa = PBXGroup;
			children = (
				0352D8911519CE570005138D /* CPP */,
				0352D8931519CE5C0005138D /* ObjC */,
				0352D8941519CE640005138D /* iOS */,
			);
			name = LibArciem;
			path = ../../../LibArciem;
			sourceTree = "<group>";
		};
		0348D06613D2E8C70060CAAA /* Images */ = {
			isa = PBXGroup;
			children = (
				0348D06713D2E8C80060CAAA /* FaveStarOffShape.png */,
				0348D06813D2E8C80060CAAA /* FaveStarOffShape@2x.png */,
				0348D06913D2E8C80060CAAA /* FaveStarOn.png */,
				0348D06A13D2E8C80060CAAA /* FaveStarOn@2x.png */,
			);
			path = Images;
			sourceTree = "<group>";
		};
		0352D8911519CE570005138D /* CPP */ = {
			isa = PBXGroup;
			children = (
				0352D8961519CEF30005138D /* essentials */,
			);
			path = CPP;
			sourceTree = "<group>";
		};
		0352D8931519CE5C0005138D /* ObjC */ = {
			isa = PBXGroup;
			children = (
				0352D8D71519CF130005138D /* Essentials */,
			);
			path = ObjC;
			sourceTree = "<group>";
		};
		0352D8941519CE640005138D /* iOS */ = {
			isa = PBXGroup;
			children = (
				0352D8F91519CF260005138D /* Essentials */,
			);
			path = iOS;
			sourceTree = "<group>";
		};
		0352D8961519CEF30005138D /* essentials */ = {
			isa = PBXGroup;
			children = (
				0352D8971519CEF30005138D /* math_utils.hpp */,
				0352D8981519CEF30005138D /* random.cpp */,
				0352D8991519CEF30005138D /* random.hpp */,
			);
			name = essentials;
			path = arciem/essentials;
			sourceTree = "<group>";
		};
		0352D8D71519CF130005138D /* Essentials */ = {
			isa = PBXGroup;
			children = (
				0352D8D81519CF130005138D /* CLog.h */,
				0352D8D91519CF130005138D /* CLog.m */,
				0352D8DA1519CF130005138D /* CObserver.h */,
				0352D8DB1519CF130005138D /* CObserver.m */,
				0352D8DC1519CF130005138D /* ErrorUtils.h */,
				0352D8DD1519CF130005138D /* ErrorUtils.m */,
				0352D8DE1519CF130005138D /* Geom.h */,
				0352D8DF1519CF130005138D /* Geom.m */,
				0352D8E01519CF130005138D /* I18nUtils.h */,
				0352D8E11519CF130005138D /* I18nUtils.m */,
				0352D8E21519CF130005138D /* InvocationUtils.h */,
				0352D8E31519CF130005138D /* InvocationUtils.m */,
				0352D8E41519CF130005138D /* JSONUtils.h */,
				0352D8E51519CF130005138D /* JSONUtils.m */,
				0352D8E61519CF130005138D /* ObjectUtils.h */,
				0352D8E71519CF130005138D /* ObjectUtils.m */,
				0352D8E81519CF130005138D /* PropertyUtils.h */,
				0352D8E91519CF130005138D /* PropertyUtils.m */,
				0352D8EA1519CF130005138D /* StringUtils.h */,
				0352D8EB1519CF130005138D /* StringUtils.m */,
				0352D8EC1519CF130005138D /* ThreadUtils.h */,
				0352D8ED1519CF130005138D /* ThreadUtils.m */,
				0352D92B1519D1810005138D /* CActivityShieldView.h */,
				0352D92C1519D1810005138D /* CActivityShieldView.m */,
			);
			path = Essentials;
			sourceTree = "<group>";
		};
		0352D8F91519CF260005138D /* Essentials */ = {
			isa = PBXGroup;
			children = (
				0352D8FA1519CF260005138D /* CAlertManager.h */,
				0352D8FB1519CF260005138D /* CAlertManager.m */,
				0352D8FC1519CF260005138D /* CGUtils.h */,
				0352D8FD1519CF260005138D /* CGUtils.m */,
				0352D8FE1519CF260005138D /* CImageView.h */,
				0352D8FF1519CF260005138D /* CImageView.m */,
				0352D9001519CF260005138D /* CNavigationBar.h */,
				0352D9011519CF260005138D /* CNavigationBar.m */,
				0352D9021519CF260005138D /* CNavigationController.h */,
				0352D9031519CF260005138D /* CNavigationController.m */,
				0352D9041519CF260005138D /* CNavigationController.xib */,
				0352D9051519CF260005138D /* CTapToDismissKeyboardManager.h */,
				0352D9061519CF260005138D /* CTapToDismissKeyboardManager.m */,
				0352D9071519CF260005138D /* CView.h */,
				0352D9081519CF260005138D /* CView.m */,
				0352D9091519CF260005138D /* CViewController.h */,
				0352D90A1519CF260005138D /* CViewController.m */,
				0352D90B1519CF260005138D /* CWindow.h */,
				0352D90C1519CF260005138D /* CWindow.m */,
				0352D90D1519CF260005138D /* DeviceUtils.h */,
				0352D90E1519CF260005138D /* DeviceUtils.m */,
				0352D90F1519CF260005138D /* NibUtils.h */,
				0352D9101519CF260005138D /* NibUtils.m */,
				0352D9111519CF260005138D /* UIColorUtils.h */,
				0352D9121519CF260005138D /* UIColorUtils.m */,
				0352D9131519CF260005138D /* UIImageUtils.h */,
				0352D9141519CF260005138D /* UIImageUtils.m */,
				0352D9151519CF260005138D /* UIViewUtils.h */,
				0352D9161519CF260005138D /* UIViewUtils.m */,
			);
			path = Essentials;
			sourceTree = "<group>";
		};
		03E7F9D413D244D5000DF720 = {
			isa = PBXGroup;
			children = (
				03E7F9E913D244D5000DF720 /* NativeWidget */,
				03E7F9E213D244D5000DF720 /* Frameworks */,
				03E7F9E013D244D5000DF720 /* Products */,
			);
			sourceTree = "<group>";
		};
		03E7F9E013D244D5000DF720 /* Products */ = {
			isa = PBXGroup;
			children = (
				03E7F9DF13D244D5000DF720 /* NativeWidget.app */,
			);
			name = Products;
			sourceTree = "<group>";
		};
		03E7F9E213D244D5000DF720 /* Frameworks */ = {
			isa = PBXGroup;
			children = (
				03E7F9E313D244D5000DF720 /* UIKit.framework */,
				03E7F9E513D244D5000DF720 /* Foundation.framework */,
				03E7F9E713D244D5000DF720 /* CoreGraphics.framework */,
			);
			name = Frameworks;
			sourceTree = "<group>";
		};
		03E7F9E913D244D5000DF720 /* NativeWidget */ = {
			isa = PBXGroup;
			children = (
				03E7F9F213D244D5000DF720 /* NativeWidgetAppDelegate.h */,
				03E7F9F313D244D5000DF720 /* NativeWidgetAppDelegate.m */,
				03E7F9F513D244D5000DF720 /* NativeWidgetViewController.h */,
				03E7F9F613D244D5000DF720 /* NativeWidgetViewController.m */,
				0348D06313D2E6E60060CAAA /* FaveButton.h */,
				0348D06413D2E6E60060CAAA /* FaveButton.m */,
				03E7F9F813D244D5000DF720 /* NativeWidgetViewController.xib */,
				0348D06613D2E8C70060CAAA /* Images */,
				0348D04813D2DB0D0060CAAA /* LibArciem */,
				03E7F9EA13D244D5000DF720 /* Supporting Files */,
			);
			path = NativeWidget;
			sourceTree = "<group>";
		};
		03E7F9EA13D244D5000DF720 /* Supporting Files */ = {
			isa = PBXGroup;
			children = (
				03E7F9EB13D244D5000DF720 /* NativeWidget-Info.plist */,
				03E7F9EC13D244D5000DF720 /* InfoPlist.strings */,
				03E7F9EF13D244D5000DF720 /* main.m */,
				03E7F9F113D244D5000DF720 /* NativeWidget-Prefix.pch */,
			);
			name = "Supporting Files";
			sourceTree = "<group>";
		};
/* End PBXGroup section */

/* Begin PBXNativeTarget section */
		03E7F9DE13D244D5000DF720 /* NativeWidget */ = {
			isa = PBXNativeTarget;
			buildConfigurationList = 03E7F9FD13D244D5000DF720 /* Build configuration list for PBXNativeTarget "NativeWidget" */;
			buildPhases = (
				03E7F9DB13D244D5000DF720 /* Sources */,
				03E7F9DC13D244D5000DF720 /* Frameworks */,
				03E7F9DD13D244D5000DF720 /* Resources */,
			);
			buildRules = (
			);
			dependencies = (
			);
			name = NativeWidget;
			productName = NativeWidget;
			productReference = 03E7F9DF13D244D5000DF720 /* NativeWidget.app */;
			productType = "com.apple.product-type.application";
		};
/* End PBXNativeTarget section */

/* Begin PBXProject section */
		03E7F9D613D244D5000DF720 /* Project object */ = {
			isa = PBXProject;
			attributes = {
				LastUpgradeCheck = 0430;
			};
			buildConfigurationList = 03E7F9D913D244D5000DF720 /* Build configuration list for PBXProject "NativeWidget" */;
			compatibilityVersion = "Xcode 3.2";
			developmentRegion = English;
			hasScannedForEncodings = 0;
			knownRegions = (
				en,
			);
			mainGroup = 03E7F9D413D244D5000DF720;
			productRefGroup = 03E7F9E013D244D5000DF720 /* Products */;
			projectDirPath = "";
			projectRoot = "";
			targets = (
				03E7F9DE13D244D5000DF720 /* NativeWidget */,
			);
		};
/* End PBXProject section */

/* Begin PBXResourcesBuildPhase section */
		03E7F9DD13D244D5000DF720 /* Resources */ = {
			isa = PBXResourcesBuildPhase;
			buildActionMask = 2147483647;
			files = (
				03E7F9EE13D244D5000DF720 /* InfoPlist.strings in Resources */,
				03E7F9FA13D244D5000DF720 /* NativeWidgetViewController.xib in Resources */,
				0348D06B13D2E8C80060CAAA /* FaveStarOffShape.png in Resources */,
				0348D06C13D2E8C80060CAAA /* FaveStarOffShape@2x.png in Resources */,
				0348D06D13D2E8C80060CAAA /* FaveStarOn.png in Resources */,
				0348D06E13D2E8C80060CAAA /* FaveStarOn@2x.png in Resources */,
				0352D91C1519CF260005138D /* CNavigationController.xib in Resources */,
			);
			runOnlyForDeploymentPostprocessing = 0;
		};
/* End PBXResourcesBuildPhase section */

/* Begin PBXSourcesBuildPhase section */
		03E7F9DB13D244D5000DF720 /* Sources */ = {
			isa = PBXSourcesBuildPhase;
			buildActionMask = 2147483647;
			files = (
				03E7F9F013D244D5000DF720 /* main.m in Sources */,
				03E7F9F413D244D5000DF720 /* NativeWidgetAppDelegate.m in Sources */,
				03E7F9F713D244D5000DF720 /* NativeWidgetViewController.m in Sources */,
				0348D06513D2E6E60060CAAA /* FaveButton.m in Sources */,
				0352D8C31519CEF30005138D /* random.cpp in Sources */,
				0352D8EE1519CF130005138D /* CLog.m in Sources */,
				0352D8EF1519CF130005138D /* CObserver.m in Sources */,
				0352D8F01519CF130005138D /* ErrorUtils.m in Sources */,
				0352D8F11519CF130005138D /* Geom.m in Sources */,
				0352D8F21519CF130005138D /* I18nUtils.m in Sources */,
				0352D8F31519CF130005138D /* InvocationUtils.m in Sources */,
				0352D8F41519CF130005138D /* JSONUtils.m in Sources */,
				0352D8F51519CF130005138D /* ObjectUtils.m in Sources */,
				0352D8F61519CF130005138D /* PropertyUtils.m in Sources */,
				0352D8F71519CF130005138D /* StringUtils.m in Sources */,
				0352D8F81519CF130005138D /* ThreadUtils.m in Sources */,
				0352D9171519CF260005138D /* CAlertManager.m in Sources */,
				0352D9181519CF260005138D /* CGUtils.m in Sources */,
				0352D9191519CF260005138D /* CImageView.m in Sources */,
				0352D91A1519CF260005138D /* CNavigationBar.m in Sources */,
				0352D91B1519CF260005138D /* CNavigationController.m in Sources */,
				0352D91D1519CF260005138D /* CTapToDismissKeyboardManager.m in Sources */,
				0352D91E1519CF260005138D /* CView.m in Sources */,
				0352D91F1519CF260005138D /* CViewController.m in Sources */,
				0352D9201519CF260005138D /* CWindow.m in Sources */,
				0352D9211519CF260005138D /* DeviceUtils.m in Sources */,
				0352D9221519CF260005138D /* NibUtils.m in Sources */,
				0352D9231519CF260005138D /* UIColorUtils.m in Sources */,
				0352D9241519CF260005138D /* UIImageUtils.m in Sources */,
				0352D9251519CF260005138D /* UIViewUtils.m in Sources */,
				0352D92D1519D1810005138D /* CActivityShieldView.m in Sources */,
			);
			runOnlyForDeploymentPostprocessing = 0;
		};
/* End PBXSourcesBuildPhase section */

/* Begin PBXVariantGroup section */
		03E7F9EC13D244D5000DF720 /* InfoPlist.strings */ = {
			isa = PBXVariantGroup;
			children = (
				03E7F9ED13D244D5000DF720 /* en */,
			);
			name = InfoPlist.strings;
			sourceTree = "<group>";
		};
		03E7F9F813D244D5000DF720 /* NativeWidgetViewController.xib */ = {
			isa = PBXVariantGroup;
			children = (
				03E7F9F913D244D5000DF720 /* en */,
			);
			name = NativeWidgetViewController.xib;
			sourceTree = "<group>";
		};
/* End PBXVariantGroup section */

/* Begin XCBuildConfiguration section */
		03E7F9FB13D244D5000DF720 /* Debug */ = {
			isa = XCBuildConfiguration;
			buildSettings = {
				ALWAYS_SEARCH_USER_PATHS = NO;
				ARCHS = "$(ARCHS_STANDARD_32_BIT)";
				CLANG_ENABLE_OBJC_ARC = YES;
				CLANG_WARN_OBJCPP_ARC_ABI = YES;
				"CODE_SIGN_IDENTITY[sdk=iphoneos*]" = "iPhone Developer";
				COPY_PHASE_STRIP = NO;
				GCC_C_LANGUAGE_STANDARD = gnu99;
				GCC_DYNAMIC_NO_PIC = NO;
				GCC_INPUT_FILETYPE = sourcecode.cpp.objcpp;
				GCC_OPTIMIZATION_LEVEL = 0;
				GCC_PREPROCESSOR_DEFINITIONS = (
					"DEBUG=1",
					"$(inherited)",
				);
				GCC_SYMBOLS_PRIVATE_EXTERN = NO;
				GCC_VERSION = com.apple.compilers.llvm.clang.1_0;
				GCC_WARN_ABOUT_MISSING_PROTOTYPES = YES;
				GCC_WARN_ABOUT_RETURN_TYPE = YES;
				GCC_WARN_UNUSED_VARIABLE = YES;
				IPHONEOS_DEPLOYMENT_TARGET = 5.0;
				SDKROOT = iphoneos;
			};
			name = Debug;
		};
		03E7F9FC13D244D5000DF720 /* Release */ = {
			isa = XCBuildConfiguration;
			buildSettings = {
				ALWAYS_SEARCH_USER_PATHS = NO;
				ARCHS = "$(ARCHS_STANDARD_32_BIT)";
				CLANG_ENABLE_OBJC_ARC = YES;
				CLANG_WARN_OBJCPP_ARC_ABI = YES;
				"CODE_SIGN_IDENTITY[sdk=iphoneos*]" = "iPhone Developer";
				COPY_PHASE_STRIP = YES;
				GCC_C_LANGUAGE_STANDARD = gnu99;
				GCC_INPUT_FILETYPE = sourcecode.cpp.objcpp;
				GCC_VERSION = com.apple.compilers.llvm.clang.1_0;
				GCC_WARN_ABOUT_MISSING_PROTOTYPES = YES;
				GCC_WARN_ABOUT_RETURN_TYPE = YES;
				GCC_WARN_UNUSED_VARIABLE = YES;
				IPHONEOS_DEPLOYMENT_TARGET = 5.0;
				OTHER_CFLAGS = "-DNS_BLOCK_ASSERTIONS=1";
				SDKROOT = iphoneos;
				VALIDATE_PRODUCT = YES;
			};
			name = Release;
		};
		03E7F9FE13D244D5000DF720 /* Debug */ = {
			isa = XCBuildConfiguration;
			buildSettings = {
				GCC_PRECOMPILE_PREFIX_HEADER = YES;
				GCC_PREFIX_HEADER = "NativeWidget/NativeWidget-Prefix.pch";
				INFOPLIST_FILE = "NativeWidget/NativeWidget-Info.plist";
				PRODUCT_NAME = "$(TARGET_NAME)";
				WRAPPER_EXTENSION = app;
			};
			name = Debug;
		};
		03E7F9FF13D244D5000DF720 /* Release */ = {
			isa = XCBuildConfiguration;
			buildSettings = {
				GCC_PRECOMPILE_PREFIX_HEADER = YES;
				GCC_PREFIX_HEADER = "NativeWidget/NativeWidget-Prefix.pch";
				INFOPLIST_FILE = "NativeWidget/NativeWidget-Info.plist";
				PRODUCT_NAME = "$(TARGET_NAME)";
				WRAPPER_EXTENSION = app;
			};
			name = Release;
		};
/* End XCBuildConfiguration section */

/* Begin XCConfigurationList section */
		03E7F9D913D244D5000DF720 /* Build configuration list for PBXProject "NativeWidget" */ = {
			isa = XCConfigurationList;
			buildConfigurations = (
				03E7F9FB13D244D5000DF720 /* Debug */,
				03E7F9FC13D244D5000DF720 /* Release */,
			);
			defaultConfigurationIsVisible = 0;
			defaultConfigurationName = Release;
		};
		03E7F9FD13D244D5000DF720 /* Build configuration list for PBXNativeTarget "NativeWidget" */ = {
			isa = XCConfigurationList;
			buildConfigurations = (
				03E7F9FE13D244D5000DF720 /* Debug */,
				03E7F9FF13D244D5000DF720 /* Release */,
			);
			defaultConfigurationIsVisible = 0;
			defaultConfigurationName = Release;
		};
/* End XCConfigurationList section */
	};
	rootObject = 03E7F9D613D244D5000DF720 /* Project object */;
}
